
Microsoft Visual Studio Solution File, Format Version 12.00
# Visual Studio Version 17
VisualStudioVersion = 17.4.33205.214
MinimumVisualStudioVersion = 10.0.40219.1
Project("{9A19103F-16F7-4668-BE54-9A1E7A4F7556}") = "lab1", "lab1.csproj", "{2C295A80-3D99-4227-ABA1-C0FCAED203C6}"
EndProject
Global
	GlobalSection(SolutionConfigurationPlatforms) = preSolution
		Cur|Any CPU = Cur|Any CPU
		Cur|x64 = Cur|x64
		Debug|Any CPU = Debug|Any CPU
		Debug|x64 = Debug|x64
		Release|Any CPU = Release|Any CPU
		Release|x64 = Release|x64
	EndGlobalSection
	GlobalSection(ProjectConfigurationPlatforms) = postSolution
		{2C295A80-3D99-4227-ABA1-C0FCAED203C6}.Cur|Any CPU.ActiveCfg = Cur|Any CPU
		{2C295A80-3D99-4227-ABA1-C0FCAED203C6}.Cur|Any CPU.Build.0 = Cur|Any CPU
		{2C295A80-3D99-4227-ABA1-C0FCAED203C6}.Cur|x64.ActiveCfg = Cur|x64
		{2C295A80-3D99-4227-ABA1-C0FCAED203C6}.Cur|x64.Build.0 = Cur|x64
		{2C295A80-3D99-4227-ABA1-C0FCAED203C6}.Debug|Any CPU.ActiveCfg = Debug|Any CPU
		{2C295A80-3D99-4227-ABA1-C0FCAED203C6}.Debug|Any CPU.Build.0 = Debug|Any CPU
		{2C295A80-3D99-4227-ABA1-C0FCAED203C6}.Debug|x64.ActiveCfg = Debug|Any CPU
		{2C295A80-3D99-4227-ABA1-C0FCAED203C6}.Debug|x64.Build.0 = Debug|Any CPU
		{2C295A80-3D99-4227-ABA1-C0FCAED203C6}.Release|Any CPU.ActiveCfg = Release|Any CPU
		{2C295A80-3D99-4227-ABA1-C0FCAED203C6}.Release|Any CPU.Build.0 = Release|Any CPU
		{2C295A80-3D99-4227-ABA1-C0FCAED203C6}.Release|x64.ActiveCfg = Release|x64
		{2C295A80-3D99-4227-ABA1-C0FCAED203C6}.Release|x64.Build.0 = Release|x64
	EndGlobalSection
	GlobalSection(SolutionProperties) = preSolution
		HideSolutionNode = FALSE
	EndGlobalSection
	GlobalSection(ExtensibilityGlobals) = postSolution
		SolutionGuid = {885559B3-C763-42BA-830B-BB709B591F1B}
	EndGlobalSection
EndGlobal
